// !$*UTF8*$!
{
	archiveVersion = 1;
	classes = {
	};
	objectVersion = 56;
	objects = {

/* Begin PBXBuildFile section */
		831BC7C02A1D15B600DDE11C /* FindMySpotApp.swift in Sources */ = {isa = PBXBuildFile; fileRef = 831BC7BF2A1D15B600DDE11C /* FindMySpotApp.swift */; };
		831BC7C22A1D15B600DDE11C /* ContentView.swift in Sources */ = {isa = PBXBuildFile; fileRef = 831BC7C12A1D15B600DDE11C /* ContentView.swift */; };
		831BC7C42A1D15B700DDE11C /* Assets.xcassets in Resources */ = {isa = PBXBuildFile; fileRef = 831BC7C32A1D15B700DDE11C /* Assets.xcassets */; };
		831BC7C72A1D15B700DDE11C /* Preview Assets.xcassets in Resources */ = {isa = PBXBuildFile; fileRef = 831BC7C62A1D15B700DDE11C /* Preview Assets.xcassets */; };
		831BC7CF2A1D169400DDE11C /* MKCoordinateRegion+Extensions.swift in Sources */ = {isa = PBXBuildFile; fileRef = 831BC7CE2A1D169400DDE11C /* MKCoordinateRegion+Extensions.swift */; };
		831BC7D32A1D16BC00DDE11C /* LocationManager.swift in Sources */ = {isa = PBXBuildFile; fileRef = 831BC7D22A1D16BC00DDE11C /* LocationManager.swift */; };
		831BC7D62A1D16DC00DDE11C /* MapView.swift in Sources */ = {isa = PBXBuildFile; fileRef = 831BC7D52A1D16DC00DDE11C /* MapView.swift */; };
/* End PBXBuildFile section */

/* Begin PBXFileReference section */
		831BC7BC2A1D15B600DDE11C /* FindMySpot.app */ = {isa = PBXFileReference; explicitFileType = wrapper.application; includeInIndex = 0; path = FindMySpot.app; sourceTree = BUILT_PRODUCTS_DIR; };
		831BC7BF2A1D15B600DDE11C /* FindMySpotApp.swift */ = {isa = PBXFileReference; lastKnownFileType = sourcecode.swift; path = FindMySpotApp.swift; sourceTree = "<group>"; };
		831BC7C12A1D15B600DDE11C /* ContentView.swift */ = {isa = PBXFileReference; lastKnownFileType = sourcecode.swift; path = ContentView.swift; sourceTree = "<group>"; };
		831BC7C32A1D15B700DDE11C /* Assets.xcassets */ = {isa = PBXFileReference; lastKnownFileType = folder.assetcatalog; path = Assets.xcassets; sourceTree = "<group>"; };
		831BC7C62A1D15B700DDE11C /* Preview Assets.xcassets */ = {isa = PBXFileReference; lastKnownFileType = folder.assetcatalog; path = "Preview Assets.xcassets"; sourceTree = "<group>"; };
		831BC7CE2A1D169400DDE11C /* MKCoordinateRegion+Extensions.swift */ = {isa = PBXFileReference; lastKnownFileType = sourcecode.swift; path = "MKCoordinateRegion+Extensions.swift"; sourceTree = "<group>"; };
		831BC7D22A1D16BC00DDE11C /* LocationManager.swift */ = {isa = PBXFileReference; lastKnownFileType = sourcecode.swift; path = LocationManager.swift; sourceTree = "<group>"; };
		831BC7D52A1D16DC00DDE11C /* MapView.swift */ = {isa = PBXFileReference; lastKnownFileType = sourcecode.swift; path = MapView.swift; sourceTree = "<group>"; };
/* End PBXFileReference section */

/* Begin PBXFrameworksBuildPhase section */
		831BC7B92A1D15B600DDE11C /* Frameworks */ = {
			isa = PBXFrameworksBuildPhase;
			buildActionMask = 2147483647;
			files = (
			);
			runOnlyForDeploymentPostprocessing = 0;
		};
/* End PBXFrameworksBuildPhase section */

/* Begin PBXGroup section */
		831BC7B32A1D15B600DDE11C = {
			isa = PBXGroup;
			children = (
				831BC7BE2A1D15B600DDE11C /* FindMySpot */,
				831BC7BD2A1D15B600DDE11C /* Products */,
			);
			sourceTree = "<group>";
		};
		831BC7BD2A1D15B600DDE11C /* Products */ = {
			isa = PBXGroup;
			children = (
				831BC7BC2A1D15B600DDE11C /* FindMySpot.app */,
			);
			name = Products;
			sourceTree = "<group>";
		};
		831BC7BE2A1D15B600DDE11C /* FindMySpot */ = {
			isa = PBXGroup;
			children = (
				831BC7D42A1D16D100DDE11C /* Views */,
				831BC7D12A1D16B100DDE11C /* Managers */,
				831BC7CD2A1D168100DDE11C /* Extensions */,
				831BC7BF2A1D15B600DDE11C /* FindMySpotApp.swift */,
				831BC7C32A1D15B700DDE11C /* Assets.xcassets */,
				831BC7C52A1D15B700DDE11C /* Preview Content */,
			);
			path = FindMySpot;
			sourceTree = "<group>";
		};
		831BC7C52A1D15B700DDE11C /* Preview Content */ = {
			isa = PBXGroup;
			children = (
				831BC7C62A1D15B700DDE11C /* Preview Assets.xcassets */,
			);
			path = "Preview Content";
			sourceTree = "<group>";
		};
		831BC7CD2A1D168100DDE11C /* Extensions */ = {
			isa = PBXGroup;
			children = (
				831BC7CE2A1D169400DDE11C /* MKCoordinateRegion+Extensions.swift */,
			);
			path = Extensions;
			sourceTree = "<group>";
		};
		831BC7D12A1D16B100DDE11C /* Managers */ = {
			isa = PBXGroup;
			children = (
				831BC7D22A1D16BC00DDE11C /* LocationManager.swift */,
			);
			path = Managers;
			sourceTree = "<group>";
		};
		831BC7D42A1D16D100DDE11C /* Views */ = {
			isa = PBXGroup;
			children = (
				831BC7C12A1D15B600DDE11C /* ContentView.swift */,
				831BC7D52A1D16DC00DDE11C /* MapView.swift */,
			);
			path = Views;
			sourceTree = "<group>";
		};
/* End PBXGroup section */

/* Begin PBXNativeTarget section */
		831BC7BB2A1D15B600DDE11C /* FindMySpot */ = {
			isa = PBXNativeTarget;
			buildConfigurationList = 831BC7CA2A1D15B700DDE11C /* Build configuration list for PBXNativeTarget "FindMySpot" */;
			buildPhases = (
				831BC7B82A1D15B600DDE11C /* Sources */,
				831BC7B92A1D15B600DDE11C /* Frameworks */,
				831BC7BA2A1D15B600DDE11C /* Resources */,
			);
			buildRules = (
			);
			dependencies = (
			);
			name = FindMySpot;
			productName = FindMySpot;
			productReference = 831BC7BC2A1D15B600DDE11C /* FindMySpot.app */;
			productType = "com.apple.product-type.application";
		};
/* End PBXNativeTarget section */

/* Begin PBXProject section */
		831BC7B42A1D15B600DDE11C /* Project object */ = {
			isa = PBXProject;
			attributes = {
				BuildIndependentTargetsInParallel = 1;
				LastSwiftUpdateCheck = 1430;
				LastUpgradeCheck = 1430;
				TargetAttributes = {
					831BC7BB2A1D15B600DDE11C = {
						CreatedOnToolsVersion = 14.3;
					};
				};
			};
			buildConfigurationList = 831BC7B72A1D15B600DDE11C /* Build configuration list for PBXProject "FindMySpot" */;
			compatibilityVersion = "Xcode 14.0";
			developmentRegion = en;
			hasScannedForEncodings = 0;
			knownRegions = (
				en,
				Base,
			);
			mainGroup = 831BC7B32A1D15B600DDE11C;
			productRefGroup = 831BC7BD2A1D15B600DDE11C /* Products */;
			projectDirPath = "";
			projectRoot = "";
			targets = (
				831BC7BB2A1D15B600DDE11C /* FindMySpot */,
			);
		};
/* End PBXProject section */

/* Begin PBXResourcesBuildPhase section */
		831BC7BA2A1D15B600DDE11C /* Resources */ = {
			isa = PBXResourcesBuildPhase;
			buildActionMask = 2147483647;
			files = (
				831BC7C72A1D15B700DDE11C /* Preview Assets.xcassets in Resources */,
				831BC7C42A1D15B700DDE11C /* Assets.xcassets in Resources */,
			);
			runOnlyForDeploymentPostprocessing = 0;
		};
/* End PBXResourcesBuildPhase section */

/* Begin PBXSourcesBuildPhase section */
		831BC7B82A1D15B600DDE11C /* Sources */ = {
			isa = PBXSourcesBuildPhase;
			buildActionMask = 2147483647;
			files = (
				831BC7D32A1D16BC00DDE11C /* LocationManager.swift in Sources */,
				831BC7C22A1D15B600DDE11C /* ContentView.swift in Sources */,
				831BC7D62A1D16DC00DDE11C /* MapView.swift in Sources */,
				831BC7CF2A1D169400DDE11C /* MKCoordinateRegion+Extensions.swift in Sources */,
				831BC7C02A1D15B600DDE11C /* FindMySpotApp.swift in Sources */,
			);
			runOnlyForDeploymentPostprocessing = 0;
		};
/* End PBXSourcesBuildPhase section */

/* Begin XCBuildConfiguration section */
		831BC7C82A1D15B700DDE11C /* Debug */ = {
			isa = XCBuildConfiguration;
			buildSettings = {
				ALWAYS_SEARCH_USER_PATHS = NO;
				CLANG_ANALYZER_NONNULL = YES;
				CLANG_ANALYZER_NUMBER_OBJECT_CONVERSION = YES_AGGRESSIVE;
				CLANG_CXX_LANGUAGE_STANDARD = "gnu++20";
				CLANG_ENABLE_MODULES = YES;
				CLANG_ENABLE_OBJC_ARC = YES;
				CLANG_ENABLE_OBJC_WEAK = YES;
				CLANG_WARN_BLOCK_CAPTURE_AUTORELEASING = YES;
				CLANG_WARN_BOOL_CONVERSION = YES;
				CLANG_WARN_COMMA = YES;
				CLANG_WARN_CONSTANT_CONVERSION = YES;
				CLANG_WARN_DEPRECATED_OBJC_IMPLEMENTATIONS = YES;
				CLANG_WARN_DIRECT_OBJC_ISA_USAGE = YES_ERROR;
				CLANG_WARN_DOCUMENTATION_COMMENTS = YES;
				CLANG_WARN_EMPTY_BODY = YES;
				CLANG_WARN_ENUM_CONVERSION = YES;
				CLANG_WARN_INFINITE_RECURSION = YES;
				CLANG_WARN_INT_CONVERSION = YES;
				CLANG_WARN_NON_LITERAL_NULL_CONVERSION = YES;
				CLANG_WARN_OBJC_IMPLICIT_RETAIN_SELF = YES;
				CLANG_WARN_OBJC_LITERAL_CONVERSION = YES;
				CLANG_WARN_OBJC_ROOT_CLASS = YES_ERROR;
				CLANG_WARN_QUOTED_INCLUDE_IN_FRAMEWORK_HEADER = YES;
				CLANG_WARN_RANGE_LOOP_ANALYSIS = YES;
				CLANG_WARN_STRICT_PROTOTYPES = YES;
				CLANG_WARN_SUSPICIOUS_MOVE = YES;
				CLANG_WARN_UNGUARDED_AVAILABILITY = YES_AGGRESSIVE;
				CLANG_WARN_UNREACHABLE_CODE = YES;
				CLANG_WARN__DUPLICATE_METHOD_MATCH = YES;
				COPY_PHASE_STRIP = NO;
				DEBUG_INFORMATION_FORMAT = dwarf;
				ENABLE_STRICT_OBJC_MSGSEND = YES;
				ENABLE_TESTABILITY = YES;
				GCC_C_LANGUAGE_STANDARD = gnu11;
				GCC_DYNAMIC_NO_PIC = NO;
				GCC_NO_COMMON_BLOCKS = YES;
				GCC_OPTIMIZATION_LEVEL = 0;
				GCC_PREPROCESSOR_DEFINITIONS = (
					"DEBUG=1",
					"$(inherited)",
				);
				GCC_WARN_64_TO_32_BIT_CONVERSION = YES;
				GCC_WARN_ABOUT_RETURN_TYPE = YES_ERROR;
				GCC_WARN_UNDECLARED_SELECTOR = YES;
				GCC_WARN_UNINITIALIZED_AUTOS = YES_AGGRESSIVE;
				GCC_WARN_UNUSED_FUNCTION = YES;
				GCC_WARN_UNUSED_VARIABLE = YES;
				IPHONEOS_DEPLOYMENT_TARGET = 16.4;
				MTL_ENABLE_DEBUG_INFO = INCLUDE_SOURCE;
				MTL_FAST_MATH = YES;
				ONLY_ACTIVE_ARCH = YES;
				SDKROOT = iphoneos;
				SWIFT_ACTIVE_COMPILATION_CONDITIONS = DEBUG;
				SWIFT_OPTIMIZATION_LEVEL = "-Onone";
			};
			name = Debug;
		};
		831BC7C92A1D15B700DDE11C /* Release */ = {
			isa = XCBuildConfiguration;
			buildSettings = {
				ALWAYS_SEARCH_USER_PATHS = NO;
				CLANG_ANALYZER_NONNULL = YES;
				CLANG_ANALYZER_NUMBER_OBJECT_CONVERSION = YES_AGGRESSIVE;
				CLANG_CXX_LANGUAGE_STANDARD = "gnu++20";
				CLANG_ENABLE_MODULES = YES;
				CLANG_ENABLE_OBJC_ARC = YES;
				CLANG_ENABLE_OBJC_WEAK = YES;
				CLANG_WARN_BLOCK_CAPTURE_AUTORELEASING = YES;
				CLANG_WARN_BOOL_CONVERSION = YES;
				CLANG_WARN_COMMA = YES;
				CLANG_WARN_CONSTANT_CONVERSION = YES;
				CLANG_WARN_DEPRECATED_OBJC_IMPLEMENTATIONS = YES;
				CLANG_WARN_DIRECT_OBJC_ISA_USAGE = YES_ERROR;
				CLANG_WARN_DOCUMENTATION_COMMENTS = YES;
				CLANG_WARN_EMPTY_BODY = YES;
				CLANG_WARN_ENUM_CONVERSION = YES;
				CLANG_WARN_INFINITE_RECURSION = YES;
				CLANG_WARN_INT_CONVERSION = YES;
				CLANG_WARN_NON_LITERAL_NULL_CONVERSION = YES;
				CLANG_WARN_OBJC_IMPLICIT_RETAIN_SELF = YES;
				CLANG_WARN_OBJC_LITERAL_CONVERSION = YES;
				CLANG_WARN_OBJC_ROOT_CLASS = YES_ERROR;
				CLANG_WARN_QUOTED_INCLUDE_IN_FRAMEWORK_HEADER = YES;
				CLANG_WARN_RANGE_LOOP_ANALYSIS = YES;
				CLANG_WARN_STRICT_PROTOTYPES = YES;
				CLANG_WARN_SUSPICIOUS_MOVE = YES;
				CLANG_WARN_UNGUARDED_AVAILABILITY = YES_AGGRESSIVE;
				CLANG_WARN_UNREACHABLE_CODE = YES;
				CLANG_WARN__DUPLICATE_METHOD_MATCH = YES;
				COPY_PHASE_STRIP = NO;
				DEBUG_INFORMATION_FORMAT = "dwarf-with-dsym";
				ENABLE_NS_ASSERTIONS = NO;
				ENABLE_STRICT_OBJC_MSGSEND = YES;
				GCC_C_LANGUAGE_STANDARD = gnu11;
				GCC_NO_COMMON_BLOCKS = YES;
				GCC_WARN_64_TO_32_BIT_CONVERSION = YES;
				GCC_WARN_ABOUT_RETURN_TYPE = YES_ERROR;
				GCC_WARN_UNDECLARED_SELECTOR = YES;
				GCC_WARN_UNINITIALIZED_AUTOS = YES_AGGRESSIVE;
				GCC_WARN_UNUSED_FUNCTION = YES;
				GCC_WARN_UNUSED_VARIABLE = YES;
				IPHONEOS_DEPLOYMENT_TARGET = 16.4;
				MTL_ENABLE_DEBUG_INFO = NO;
				MTL_FAST_MATH = YES;
				SDKROOT = iphoneos;
				SWIFT_COMPILATION_MODE = wholemodule;
				SWIFT_OPTIMIZATION_LEVEL = "-O";
				VALIDATE_PRODUCT = YES;
			};
			name = Release;
		};
		831BC7CB2A1D15B700DDE11C /* Debug */ = {
			isa = XCBuildConfiguration;
			buildSettings = {
				ASSETCATALOG_COMPILER_APPICON_NAME = AppIcon;
				ASSETCATALOG_COMPILER_GLOBAL_ACCENT_COLOR_NAME = AccentColor;
				CODE_SIGN_STYLE = Automatic;
				CURRENT_PROJECT_VERSION = 1;
				DEVELOPMENT_ASSET_PATHS = "\"FindMySpot/Preview Content\"";
				DEVELOPMENT_TEAM = 68FYPQ879D;
				ENABLE_PREVIEWS = YES;
				GENERATE_INFOPLIST_FILE = YES;
				INFOPLIST_KEY_LSApplicationCategoryType = "";
				INFOPLIST_KEY_NSLocationAlwaysAndWhenInUseUsageDescription = "This app requires access to your location";
				INFOPLIST_KEY_NSLocationWhenInUseUsageDescription = "This app requires access to your location";
				INFOPLIST_KEY_UIApplicationSceneManifest_Generation = YES;
				INFOPLIST_KEY_UIApplicationSupportsIndirectInputEvents = YES;
				INFOPLIST_KEY_UILaunchScreen_Generation = YES;
				INFOPLIST_KEY_UISupportedInterfaceOrientations_iPad = "UIInterfaceOrientationPortrait UIInterfaceOrientationPortraitUpsideDown UIInterfaceOrientationLandscapeLeft UIInterfaceOrientationLandscapeRight";
				INFOPLIST_KEY_UISupportedInterfaceOrientations_iPhone = "UIInterfaceOrientationPortrait UIInterfaceOrientationLandscapeLeft UIInterfaceOrientationLandscapeRight";
				LD_RUNPATH_SEARCH_PATHS = (
					"$(inherited)",
					"@executable_path/Frameworks",
				);
				MARKETING_VERSION = 1.0;
				PRODUCT_BUNDLE_IDENTIFIER = rjg.FindMySpot;
				PRODUCT_NAME = "$(TARGET_NAME)";
				SWIFT_EMIT_LOC_STRINGS = YES;
				SWIFT_VERSION = 5.0;
				TARGETED_DEVICE_FAMILY = "1,2";
			};
			name = Debug;
		};
		831BC7CC2A1D15B700DDE11C /* Release */ = {
			isa = XCBuildConfiguration;
			buildSettings = {
				ASSETCATALOG_COMPILER_APPICON_NAME = AppIcon;
				ASSETCATALOG_COMPILER_GLOBAL_ACCENT_COLOR_NAME = AccentColor;
				CODE_SIGN_STYLE = Automatic;
				CURRENT_PROJECT_VERSION = 1;
				DEVELOPMENT_ASSET_PATHS = "\"FindMySpot/Preview Content\"";
				DEVELOPMENT_TEAM = 68FYPQ879D;
				ENABLE_PREVIEWS = YES;
				GENERATE_INFOPLIST_FILE = YES;
				INFOPLIST_KEY_LSApplicationCategoryType = "";
				INFOPLIST_KEY_NSLocationAlwaysAndWhenInUseUsageDescription = "This app requires access to your location";
				INFOPLIST_KEY_NSLocationWhenInUseUsageDescription = "This app requires access to your location";
				INFOPLIST_KEY_UIApplicationSceneManifest_Generation = YES;
				INFOPLIST_KEY_UIApplicationSupportsIndirectInputEvents = YES;
				INFOPLIST_KEY_UILaunchScreen_Generation = YES;
				INFOPLIST_KEY_UISupportedInterfaceOrientations_iPad = "UIInterfaceOrientationPortrait UIInterfaceOrientationPortraitUpsideDown UIInterfaceOrientationLandscapeLeft UIInterfaceOrientationLandscapeRight";
				INFOPLIST_KEY_UISupportedInterfaceOrientations_iPhone = "UIInterfaceOrientationPortrait UIInterfaceOrientationLandscapeLeft UIInterfaceOrientationLandscapeRight";
				LD_RUNPATH_SEARCH_PATHS = (
					"$(inherited)",
					"@executable_path/Frameworks",
				);
				MARKETING_VERSION = 1.0;
				PRODUCT_BUNDLE_IDENTIFIER = rjg.FindMySpot;
				PRODUCT_NAME = "$(TARGET_NAME)";
				SWIFT_EMIT_LOC_STRINGS = YES;
				SWIFT_VERSION = 5.0;
				TARGETED_DEVICE_FAMILY = "1,2";
			};
			name = Release;
		};
/* End XCBuildConfiguration section */

/* Begin XCConfigurationList section */
		831BC7B72A1D15B600DDE11C /* Build configuration list for PBXProject "FindMySpot" */ = {
			isa = XCConfigurationList;
			buildConfigurations = (
				831BC7C82A1D15B700DDE11C /* Debug */,
				831BC7C92A1D15B700DDE11C /* Release */,
			);
			defaultConfigurationIsVisible = 0;
			defaultConfigurationName = Release;
		};
		831BC7CA2A1D15B700DDE11C /* Build configuration list for PBXNativeTarget "FindMySpot" */ = {
			isa = XCConfigurationList;
			buildConfigurations = (
				831BC7CB2A1D15B700DDE11C /* Debug */,
				831BC7CC2A1D15B700DDE11C /* Release */,
			);
			defaultConfigurationIsVisible = 0;
			defaultConfigurationName = Release;
		};
/* End XCConfigurationList section */
	};
	rootObject = 831BC7B42A1D15B600DDE11C /* Project object */;
}
